// !$*UTF8*$!
{
	archiveVersion = 1;
	classes = {
	};
	objectVersion = 50;
	objects = {

/* Begin PBXBuildFile section */
		78D46F989376D6F40C5BD99E /* Pods_LVEJO.framework in Frameworks */ = {isa = PBXBuildFile; fileRef = BE8AB7B6FD524EE28F8564DC /* Pods_LVEJO.framework */; };
		AE396C36215C4E0800FFC0EC /* LogInViewController.swift in Sources */ = {isa = PBXBuildFile; fileRef = AE396C35215C4E0800FFC0EC /* LogInViewController.swift */; };
		AE396C3A215C519000FFC0EC /* GoogleService-Info.plist in Resources */ = {isa = PBXBuildFile; fileRef = AE396C39215C519000FFC0EC /* GoogleService-Info.plist */; };
		AE50C6622156022C00C7352E /* AppDelegate.swift in Sources */ = {isa = PBXBuildFile; fileRef = AE50C6612156022C00C7352E /* AppDelegate.swift */; };
		AE50C6642156022C00C7352E /* WelcomeViewController.swift in Sources */ = {isa = PBXBuildFile; fileRef = AE50C6632156022C00C7352E /* WelcomeViewController.swift */; };
		AE50C6672156022C00C7352E /* Main.storyboard in Resources */ = {isa = PBXBuildFile; fileRef = AE50C6652156022C00C7352E /* Main.storyboard */; };
		AE50C6692156022C00C7352E /* Image.xcassets in Resources */ = {isa = PBXBuildFile; fileRef = AE50C6682156022C00C7352E /* Image.xcassets */; };
		AE50C66C2156022C00C7352E /* LaunchScreen.storyboard in Resources */ = {isa = PBXBuildFile; fileRef = AE50C66A2156022C00C7352E /* LaunchScreen.storyboard */; };
		AE61BF1D215C331C000D030C /* RecordViewController.swift in Sources */ = {isa = PBXBuildFile; fileRef = AE61BF1C215C331C000D030C /* RecordViewController.swift */; };
		AEB8EFDD2162C69D0032B574 /* RamaGothicE_Regular.otf in Resources */ = {isa = PBXBuildFile; fileRef = AEB8EFCB2162C69B0032B574 /* RamaGothicE_Regular.otf */; };
		AEB8EFDE2162C69D0032B574 /* RamaGothicE_Heavy.otf in Resources */ = {isa = PBXBuildFile; fileRef = AEB8EFCC2162C69B0032B574 /* RamaGothicE_Heavy.otf */; };
		AEB8EFDF2162C69D0032B574 /* RamaGothicM_Heavy.otf in Resources */ = {isa = PBXBuildFile; fileRef = AEB8EFCD2162C69C0032B574 /* RamaGothicM_Heavy.otf */; };
		AEB8EFE02162C69D0032B574 /* RamaGothicC_Bold.otf in Resources */ = {isa = PBXBuildFile; fileRef = AEB8EFCE2162C69C0032B574 /* RamaGothicC_Bold.otf */; };
		AEB8EFE12162C69D0032B574 /* RamaGothicE_Light.otf in Resources */ = {isa = PBXBuildFile; fileRef = AEB8EFCF2162C69C0032B574 /* RamaGothicE_Light.otf */; };
		AEB8EFE22162C69D0032B574 /* RamaGothicC_Heavy.otf in Resources */ = {isa = PBXBuildFile; fileRef = AEB8EFD02162C69C0032B574 /* RamaGothicC_Heavy.otf */; };
		AEB8EFE32162C69D0032B574 /* RamaGothicM_Thin.otf in Resources */ = {isa = PBXBuildFile; fileRef = AEB8EFD12162C69C0032B574 /* RamaGothicM_Thin.otf */; };
		AEB8EFE42162C69D0032B574 /* RamaGothicE_Thin.otf in Resources */ = {isa = PBXBuildFile; fileRef = AEB8EFD22162C69C0032B574 /* RamaGothicE_Thin.otf */; };
		AEB8EFE52162C69D0032B574 /* RamaGothicM_Regular.otf in Resources */ = {isa = PBXBuildFile; fileRef = AEB8EFD32162C69C0032B574 /* RamaGothicM_Regular.otf */; };
		AEB8EFE62162C69D0032B574 /* RamaGothicC_Thin.otf in Resources */ = {isa = PBXBuildFile; fileRef = AEB8EFD42162C69C0032B574 /* RamaGothicC_Thin.otf */; };
		AEB8EFE72162C69D0032B574 /* RamaGothicE_SemiBold.otf in Resources */ = {isa = PBXBuildFile; fileRef = AEB8EFD52162C69C0032B574 /* RamaGothicE_SemiBold.otf */; };
		AEB8EFE82162C69D0032B574 /* RamaGothicE_Bold.otf in Resources */ = {isa = PBXBuildFile; fileRef = AEB8EFD62162C69D0032B574 /* RamaGothicE_Bold.otf */; };
		AEB8EFE92162C69D0032B574 /* RamaGothicM_SemiBold.otf in Resources */ = {isa = PBXBuildFile; fileRef = AEB8EFD72162C69D0032B574 /* RamaGothicM_SemiBold.otf */; };
		AEB8EFEA2162C69D0032B574 /* RamaGothicC_Regular.otf in Resources */ = {isa = PBXBuildFile; fileRef = AEB8EFD82162C69D0032B574 /* RamaGothicC_Regular.otf */; };
		AEB8EFEB2162C69D0032B574 /* RamaGothicM_Bold.otf in Resources */ = {isa = PBXBuildFile; fileRef = AEB8EFD92162C69D0032B574 /* RamaGothicM_Bold.otf */; };
		AEB8EFEC2162C69D0032B574 /* RamaGothicM_Light.otf in Resources */ = {isa = PBXBuildFile; fileRef = AEB8EFDA2162C69D0032B574 /* RamaGothicM_Light.otf */; };
		AEB8EFED2162C69D0032B574 /* RamaGothicC_SemiBold.otf in Resources */ = {isa = PBXBuildFile; fileRef = AEB8EFDB2162C69D0032B574 /* RamaGothicC_SemiBold.otf */; };
		AEB8EFEE2162C69D0032B574 /* RamaGothicC_Light.otf in Resources */ = {isa = PBXBuildFile; fileRef = AEB8EFDC2162C69D0032B574 /* RamaGothicC_Light.otf */; };
/* End PBXBuildFile section */

/* Begin PBXFileReference section */
		021757F8EA9783962459EB4F /* Pods-LVEJO.debug.xcconfig */ = {isa = PBXFileReference; includeInIndex = 1; lastKnownFileType = text.xcconfig; name = "Pods-LVEJO.debug.xcconfig"; path = "Pods/Target Support Files/Pods-LVEJO/Pods-LVEJO.debug.xcconfig"; sourceTree = "<group>"; };
		9CC5696AF34D7A2CA2D96335 /* Pods-LVEJO.release.xcconfig */ = {isa = PBXFileReference; includeInIndex = 1; lastKnownFileType = text.xcconfig; name = "Pods-LVEJO.release.xcconfig"; path = "Pods/Target Support Files/Pods-LVEJO/Pods-LVEJO.release.xcconfig"; sourceTree = "<group>"; };
		AE396C35215C4E0800FFC0EC /* LogInViewController.swift */ = {isa = PBXFileReference; lastKnownFileType = sourcecode.swift; path = LogInViewController.swift; sourceTree = "<group>"; };
		AE396C39215C519000FFC0EC /* GoogleService-Info.plist */ = {isa = PBXFileReference; fileEncoding = 4; lastKnownFileType = text.plist.xml; path = "GoogleService-Info.plist"; sourceTree = "<group>"; };
		AE50C65E2156022C00C7352E /* LVEJO.app */ = {isa = PBXFileReference; explicitFileType = wrapper.application; includeInIndex = 0; path = LVEJO.app; sourceTree = BUILT_PRODUCTS_DIR; };
		AE50C6612156022C00C7352E /* AppDelegate.swift */ = {isa = PBXFileReference; lastKnownFileType = sourcecode.swift; path = AppDelegate.swift; sourceTree = "<group>"; };
		AE50C6632156022C00C7352E /* WelcomeViewController.swift */ = {isa = PBXFileReference; lastKnownFileType = sourcecode.swift; path = WelcomeViewController.swift; sourceTree = "<group>"; };
		AE50C6662156022C00C7352E /* Base */ = {isa = PBXFileReference; lastKnownFileType = file.storyboard; name = Base; path = Base.lproj/Main.storyboard; sourceTree = "<group>"; };
		AE50C6682156022C00C7352E /* Image.xcassets */ = {isa = PBXFileReference; lastKnownFileType = folder.assetcatalog; path = Image.xcassets; sourceTree = "<group>"; };
		AE50C66B2156022C00C7352E /* Base */ = {isa = PBXFileReference; lastKnownFileType = file.storyboard; name = Base; path = Base.lproj/LaunchScreen.storyboard; sourceTree = "<group>"; };
		AE50C66D2156022C00C7352E /* Info.plist */ = {isa = PBXFileReference; lastKnownFileType = text.plist.xml; path = Info.plist; sourceTree = "<group>"; };
		AE61BF1C215C331C000D030C /* RecordViewController.swift */ = {isa = PBXFileReference; lastKnownFileType = sourcecode.swift; path = RecordViewController.swift; sourceTree = "<group>"; };
		AEB8EFCB2162C69B0032B574 /* RamaGothicE_Regular.otf */ = {isa = PBXFileReference; lastKnownFileType = file; path = RamaGothicE_Regular.otf; sourceTree = "<group>"; };
		AEB8EFCC2162C69B0032B574 /* RamaGothicE_Heavy.otf */ = {isa = PBXFileReference; lastKnownFileType = file; path = RamaGothicE_Heavy.otf; sourceTree = "<group>"; };
		AEB8EFCD2162C69C0032B574 /* RamaGothicM_Heavy.otf */ = {isa = PBXFileReference; lastKnownFileType = file; path = RamaGothicM_Heavy.otf; sourceTree = "<group>"; };
		AEB8EFCE2162C69C0032B574 /* RamaGothicC_Bold.otf */ = {isa = PBXFileReference; lastKnownFileType = file; path = RamaGothicC_Bold.otf; sourceTree = "<group>"; };
		AEB8EFCF2162C69C0032B574 /* RamaGothicE_Light.otf */ = {isa = PBXFileReference; lastKnownFileType = file; path = RamaGothicE_Light.otf; sourceTree = "<group>"; };
		AEB8EFD02162C69C0032B574 /* RamaGothicC_Heavy.otf */ = {isa = PBXFileReference; lastKnownFileType = file; path = RamaGothicC_Heavy.otf; sourceTree = "<group>"; };
		AEB8EFD12162C69C0032B574 /* RamaGothicM_Thin.otf */ = {isa = PBXFileReference; lastKnownFileType = file; path = RamaGothicM_Thin.otf; sourceTree = "<group>"; };
		AEB8EFD22162C69C0032B574 /* RamaGothicE_Thin.otf */ = {isa = PBXFileReference; lastKnownFileType = file; path = RamaGothicE_Thin.otf; sourceTree = "<group>"; };
		AEB8EFD32162C69C0032B574 /* RamaGothicM_Regular.otf */ = {isa = PBXFileReference; lastKnownFileType = file; path = RamaGothicM_Regular.otf; sourceTree = "<group>"; };
		AEB8EFD42162C69C0032B574 /* RamaGothicC_Thin.otf */ = {isa = PBXFileReference; lastKnownFileType = file; path = RamaGothicC_Thin.otf; sourceTree = "<group>"; };
		AEB8EFD52162C69C0032B574 /* RamaGothicE_SemiBold.otf */ = {isa = PBXFileReference; lastKnownFileType = file; path = RamaGothicE_SemiBold.otf; sourceTree = "<group>"; };
		AEB8EFD62162C69D0032B574 /* RamaGothicE_Bold.otf */ = {isa = PBXFileReference; lastKnownFileType = file; path = RamaGothicE_Bold.otf; sourceTree = "<group>"; };
		AEB8EFD72162C69D0032B574 /* RamaGothicM_SemiBold.otf */ = {isa = PBXFileReference; lastKnownFileType = file; path = RamaGothicM_SemiBold.otf; sourceTree = "<group>"; };
		AEB8EFD82162C69D0032B574 /* RamaGothicC_Regular.otf */ = {isa = PBXFileReference; lastKnownFileType = file; path = RamaGothicC_Regular.otf; sourceTree = "<group>"; };
		AEB8EFD92162C69D0032B574 /* RamaGothicM_Bold.otf */ = {isa = PBXFileReference; lastKnownFileType = file; path = RamaGothicM_Bold.otf; sourceTree = "<group>"; };
		AEB8EFDA2162C69D0032B574 /* RamaGothicM_Light.otf */ = {isa = PBXFileReference; lastKnownFileType = file; path = RamaGothicM_Light.otf; sourceTree = "<group>"; };
		AEB8EFDB2162C69D0032B574 /* RamaGothicC_SemiBold.otf */ = {isa = PBXFileReference; lastKnownFileType = file; path = RamaGothicC_SemiBold.otf; sourceTree = "<group>"; };
		AEB8EFDC2162C69D0032B574 /* RamaGothicC_Light.otf */ = {isa = PBXFileReference; lastKnownFileType = file; path = RamaGothicC_Light.otf; sourceTree = "<group>"; };
		BE8AB7B6FD524EE28F8564DC /* Pods_LVEJO.framework */ = {isa = PBXFileReference; explicitFileType = wrapper.framework; includeInIndex = 0; path = Pods_LVEJO.framework; sourceTree = BUILT_PRODUCTS_DIR; };
/* End PBXFileReference section */

/* Begin PBXFrameworksBuildPhase section */
		AE50C65B2156022C00C7352E /* Frameworks */ = {
			isa = PBXFrameworksBuildPhase;
			buildActionMask = 2147483647;
			files = (
				78D46F989376D6F40C5BD99E /* Pods_LVEJO.framework in Frameworks */,
			);
			runOnlyForDeploymentPostprocessing = 0;
		};
/* End PBXFrameworksBuildPhase section */

/* Begin PBXGroup section */
		7D2A62899416941DB0DF9B04 /* Pods */ = {
			isa = PBXGroup;
			children = (
				021757F8EA9783962459EB4F /* Pods-LVEJO.debug.xcconfig */,
				9CC5696AF34D7A2CA2D96335 /* Pods-LVEJO.release.xcconfig */,
			);
			name = Pods;
			sourceTree = "<group>";
		};
		AE50C6552156022C00C7352E = {
			isa = PBXGroup;
			children = (
				AE50C6602156022C00C7352E /* LVEJO */,
				AE50C65F2156022C00C7352E /* Products */,
				7D2A62899416941DB0DF9B04 /* Pods */,
				D82CF54F69A69A803B7A2385 /* Frameworks */,
				AEB8EFCA2162C60F0032B574 /* Fonts */,
			);
			sourceTree = "<group>";
		};
		AE50C65F2156022C00C7352E /* Products */ = {
			isa = PBXGroup;
			children = (
				AE50C65E2156022C00C7352E /* LVEJO.app */,
			);
			name = Products;
			sourceTree = "<group>";
		};
		AE50C6602156022C00C7352E /* LVEJO */ = {
			isa = PBXGroup;
			children = (
				AECCC83A215C2FA400B70D63 /* Controller */,
				AEC6710E215C41DB002018DB /* Storyboard */,
				AE50C6682156022C00C7352E /* Image.xcassets */,
				AE50C66D2156022C00C7352E /* Info.plist */,
				AE396C39215C519000FFC0EC /* GoogleService-Info.plist */,
			);
			path = LVEJO;
			sourceTree = "<group>";
		};
		AEB8EFCA2162C60F0032B574 /* Fonts */ = {
			isa = PBXGroup;
			children = (
				AEB8EFCE2162C69C0032B574 /* RamaGothicC_Bold.otf */,
				AEB8EFD02162C69C0032B574 /* RamaGothicC_Heavy.otf */,
				AEB8EFDC2162C69D0032B574 /* RamaGothicC_Light.otf */,
				AEB8EFD82162C69D0032B574 /* RamaGothicC_Regular.otf */,
				AEB8EFDB2162C69D0032B574 /* RamaGothicC_SemiBold.otf */,
				AEB8EFD42162C69C0032B574 /* RamaGothicC_Thin.otf */,
				AEB8EFD62162C69D0032B574 /* RamaGothicE_Bold.otf */,
				AEB8EFCC2162C69B0032B574 /* RamaGothicE_Heavy.otf */,
				AEB8EFCF2162C69C0032B574 /* RamaGothicE_Light.otf */,
				AEB8EFCB2162C69B0032B574 /* RamaGothicE_Regular.otf */,
				AEB8EFD52162C69C0032B574 /* RamaGothicE_SemiBold.otf */,
				AEB8EFD22162C69C0032B574 /* RamaGothicE_Thin.otf */,
				AEB8EFD92162C69D0032B574 /* RamaGothicM_Bold.otf */,
				AEB8EFCD2162C69C0032B574 /* RamaGothicM_Heavy.otf */,
				AEB8EFDA2162C69D0032B574 /* RamaGothicM_Light.otf */,
				AEB8EFD32162C69C0032B574 /* RamaGothicM_Regular.otf */,
				AEB8EFD72162C69D0032B574 /* RamaGothicM_SemiBold.otf */,
				AEB8EFD12162C69C0032B574 /* RamaGothicM_Thin.otf */,
			);
			name = Fonts;
			sourceTree = "<group>";
		};
		AEC6710E215C41DB002018DB /* Storyboard */ = {
			isa = PBXGroup;
			children = (
				AE50C6652156022C00C7352E /* Main.storyboard */,
				AE50C66A2156022C00C7352E /* LaunchScreen.storyboard */,
			);
			path = Storyboard;
			sourceTree = "<group>";
		};
		AECCC83A215C2FA400B70D63 /* Controller */ = {
			isa = PBXGroup;
			children = (
				AE50C6612156022C00C7352E /* AppDelegate.swift */,
				AE50C6632156022C00C7352E /* WelcomeViewController.swift */,
				AE396C35215C4E0800FFC0EC /* LogInViewController.swift */,
				AE61BF1C215C331C000D030C /* RecordViewController.swift */,
			);
			path = Controller;
			sourceTree = "<group>";
		};
		D82CF54F69A69A803B7A2385 /* Frameworks */ = {
			isa = PBXGroup;
			children = (
				BE8AB7B6FD524EE28F8564DC /* Pods_LVEJO.framework */,
			);
			name = Frameworks;
			sourceTree = "<group>";
		};
/* End PBXGroup section */

/* Begin PBXNativeTarget section */
		AE50C65D2156022C00C7352E /* LVEJO */ = {
			isa = PBXNativeTarget;
			buildConfigurationList = AE50C6702156022C00C7352E /* Build configuration list for PBXNativeTarget "LVEJO" */;
			buildPhases = (
				49381DCCF59E0500271974A2 /* [CP] Check Pods Manifest.lock */,
				AE50C65A2156022C00C7352E /* Sources */,
				AE50C65B2156022C00C7352E /* Frameworks */,
				AE50C65C2156022C00C7352E /* Resources */,
				90520537F41A1846D601D683 /* [CP] Embed Pods Frameworks */,
			);
			buildRules = (
			);
			dependencies = (
			);
			name = LVEJO;
			productName = LVEJO;
			productReference = AE50C65E2156022C00C7352E /* LVEJO.app */;
			productType = "com.apple.product-type.application";
		};
/* End PBXNativeTarget section */

/* Begin PBXProject section */
		AE50C6562156022C00C7352E /* Project object */ = {
			isa = PBXProject;
			attributes = {
				LastSwiftUpdateCheck = 1000;
				LastUpgradeCheck = 1000;
				ORGANIZATIONNAME = "Kevin Alonzo";
				TargetAttributes = {
					AE50C65D2156022C00C7352E = {
						CreatedOnToolsVersion = 10.0;
					};
				};
			};
			buildConfigurationList = AE50C6592156022C00C7352E /* Build configuration list for PBXProject "LVEJO" */;
			compatibilityVersion = "Xcode 9.3";
			developmentRegion = en;
			hasScannedForEncodings = 0;
			knownRegions = (
				en,
				Base,
			);
			mainGroup = AE50C6552156022C00C7352E;
			productRefGroup = AE50C65F2156022C00C7352E /* Products */;
			projectDirPath = "";
			projectRoot = "";
			targets = (
				AE50C65D2156022C00C7352E /* LVEJO */,
			);
		};
/* End PBXProject section */

/* Begin PBXResourcesBuildPhase section */
		AE50C65C2156022C00C7352E /* Resources */ = {
			isa = PBXResourcesBuildPhase;
			buildActionMask = 2147483647;
			files = (
				AEB8EFDD2162C69D0032B574 /* RamaGothicE_Regular.otf in Resources */,
				AEB8EFEB2162C69D0032B574 /* RamaGothicM_Bold.otf in Resources */,
				AE50C66C2156022C00C7352E /* LaunchScreen.storyboard in Resources */,
				AEB8EFE22162C69D0032B574 /* RamaGothicC_Heavy.otf in Resources */,
				AEB8EFE72162C69D0032B574 /* RamaGothicE_SemiBold.otf in Resources */,
				AE396C3A215C519000FFC0EC /* GoogleService-Info.plist in Resources */,
				AE50C6692156022C00C7352E /* Image.xcassets in Resources */,
				AEB8EFE42162C69D0032B574 /* RamaGothicE_Thin.otf in Resources */,
				AEB8EFE92162C69D0032B574 /* RamaGothicM_SemiBold.otf in Resources */,
				AEB8EFDE2162C69D0032B574 /* RamaGothicE_Heavy.otf in Resources */,
				AEB8EFEA2162C69D0032B574 /* RamaGothicC_Regular.otf in Resources */,
				AEB8EFE62162C69D0032B574 /* RamaGothicC_Thin.otf in Resources */,
				AEB8EFE02162C69D0032B574 /* RamaGothicC_Bold.otf in Resources */,
				AEB8EFE32162C69D0032B574 /* RamaGothicM_Thin.otf in Resources */,
				AE50C6672156022C00C7352E /* Main.storyboard in Resources */,
				AEB8EFE12162C69D0032B574 /* RamaGothicE_Light.otf in Resources */,
				AEB8EFED2162C69D0032B574 /* RamaGothicC_SemiBold.otf in Resources */,
				AEB8EFDF2162C69D0032B574 /* RamaGothicM_Heavy.otf in Resources */,
				AEB8EFE52162C69D0032B574 /* RamaGothicM_Regular.otf in Resources */,
				AEB8EFEE2162C69D0032B574 /* RamaGothicC_Light.otf in Resources */,
				AEB8EFE82162C69D0032B574 /* RamaGothicE_Bold.otf in Resources */,
				AEB8EFEC2162C69D0032B574 /* RamaGothicM_Light.otf in Resources */,
			);
			runOnlyForDeploymentPostprocessing = 0;
		};
/* End PBXResourcesBuildPhase section */

/* Begin PBXShellScriptBuildPhase section */
		49381DCCF59E0500271974A2 /* [CP] Check Pods Manifest.lock */ = {
			isa = PBXShellScriptBuildPhase;
			buildActionMask = 2147483647;
			files = (
			);
			inputFileListPaths = (
			);
			inputPaths = (
				"${PODS_PODFILE_DIR_PATH}/Podfile.lock",
				"${PODS_ROOT}/Manifest.lock",
			);
			name = "[CP] Check Pods Manifest.lock";
			outputFileListPaths = (
			);
			outputPaths = (
				"$(DERIVED_FILE_DIR)/Pods-LVEJO-checkManifestLockResult.txt",
			);
			runOnlyForDeploymentPostprocessing = 0;
			shellPath = /bin/sh;
			shellScript = "diff \"${PODS_PODFILE_DIR_PATH}/Podfile.lock\" \"${PODS_ROOT}/Manifest.lock\" > /dev/null\nif [ $? != 0 ] ; then\n    # print error to STDERR\n    echo \"error: The sandbox is not in sync with the Podfile.lock. Run 'pod install' or update your CocoaPods installation.\" >&2\n    exit 1\nfi\n# This output is used by Xcode 'outputs' to avoid re-running this script phase.\necho \"SUCCESS\" > \"${SCRIPT_OUTPUT_FILE_0}\"\n";
			showEnvVarsInLog = 0;
		};
		90520537F41A1846D601D683 /* [CP] Embed Pods Frameworks */ = {
			isa = PBXShellScriptBuildPhase;
			buildActionMask = 2147483647;
			files = (
			);
			inputFileListPaths = (
			);
			inputPaths = (
				"${SRCROOT}/Pods/Target Support Files/Pods-LVEJO/Pods-LVEJO-frameworks.sh",
				"${BUILT_PRODUCTS_DIR}/ChameleonFramework/ChameleonFramework.framework",
				"${BUILT_PRODUCTS_DIR}/GTMSessionFetcher/GTMSessionFetcher.framework",
				"${BUILT_PRODUCTS_DIR}/GoogleUtilities/GoogleUtilities.framework",
				"${BUILT_PRODUCTS_DIR}/SVProgressHUD/SVProgressHUD.framework",
				"${BUILT_PRODUCTS_DIR}/leveldb-library/leveldb.framework",
				"${BUILT_PRODUCTS_DIR}/nanopb/nanopb.framework",
			);
			name = "[CP] Embed Pods Frameworks";
			outputFileListPaths = (
			);
			outputPaths = (
				"${TARGET_BUILD_DIR}/${FRAMEWORKS_FOLDER_PATH}/ChameleonFramework.framework",
				"${TARGET_BUILD_DIR}/${FRAMEWORKS_FOLDER_PATH}/GTMSessionFetcher.framework",
				"${TARGET_BUILD_DIR}/${FRAMEWORKS_FOLDER_PATH}/GoogleUtilities.framework",
				"${TARGET_BUILD_DIR}/${FRAMEWORKS_FOLDER_PATH}/SVProgressHUD.framework",
				"${TARGET_BUILD_DIR}/${FRAMEWORKS_FOLDER_PATH}/leveldb.framework",
				"${TARGET_BUILD_DIR}/${FRAMEWORKS_FOLDER_PATH}/nanopb.framework",
			);
			runOnlyForDeploymentPostprocessing = 0;
			shellPath = /bin/sh;
			shellScript = "\"${SRCROOT}/Pods/Target Support Files/Pods-LVEJO/Pods-LVEJO-frameworks.sh\"\n";
			showEnvVarsInLog = 0;
		};
/* End PBXShellScriptBuildPhase section */

/* Begin PBXSourcesBuildPhase section */
		AE50C65A2156022C00C7352E /* Sources */ = {
			isa = PBXSourcesBuildPhase;
			buildActionMask = 2147483647;
			files = (
				AE396C36215C4E0800FFC0EC /* LogInViewController.swift in Sources */,
				AE61BF1D215C331C000D030C /* RecordViewController.swift in Sources */,
				AE50C6642156022C00C7352E /* WelcomeViewController.swift in Sources */,
				AE50C6622156022C00C7352E /* AppDelegate.swift in Sources */,
			);
			runOnlyForDeploymentPostprocessing = 0;
		};
/* End PBXSourcesBuildPhase section */

/* Begin PBXVariantGroup section */
		AE50C6652156022C00C7352E /* Main.storyboard */ = {
			isa = PBXVariantGroup;
			children = (
				AE50C6662156022C00C7352E /* Base */,
			);
			name = Main.storyboard;
			sourceTree = "<group>";
		};
		AE50C66A2156022C00C7352E /* LaunchScreen.storyboard */ = {
			isa = PBXVariantGroup;
			children = (
				AE50C66B2156022C00C7352E /* Base */,
			);
			name = LaunchScreen.storyboard;
			sourceTree = "<group>";
		};
/* End PBXVariantGroup section */

/* Begin XCBuildConfiguration section */
		AE50C66E2156022C00C7352E /* Debug */ = {
			isa = XCBuildConfiguration;
			buildSettings = {
				ALWAYS_SEARCH_USER_PATHS = NO;
				CLANG_ANALYZER_NONNULL = YES;
				CLANG_ANALYZER_NUMBER_OBJECT_CONVERSION = YES_AGGRESSIVE;
				CLANG_CXX_LANGUAGE_STANDARD = "gnu++14";
				CLANG_CXX_LIBRARY = "libc++";
				CLANG_ENABLE_MODULES = YES;
				CLANG_ENABLE_OBJC_ARC = YES;
				CLANG_ENABLE_OBJC_WEAK = YES;
				CLANG_WARN_BLOCK_CAPTURE_AUTORELEASING = YES;
				CLANG_WARN_BOOL_CONVERSION = YES;
				CLANG_WARN_COMMA = YES;
				CLANG_WARN_CONSTANT_CONVERSION = YES;
				CLANG_WARN_DEPRECATED_OBJC_IMPLEMENTATIONS = YES;
				CLANG_WARN_DIRECT_OBJC_ISA_USAGE = YES_ERROR;
				CLANG_WARN_DOCUMENTATION_COMMENTS = YES;
				CLANG_WARN_EMPTY_BODY = YES;
				CLANG_WARN_ENUM_CONVERSION = YES;
				CLANG_WARN_INFINITE_RECURSION = YES;
				CLANG_WARN_INT_CONVERSION = YES;
				CLANG_WARN_NON_LITERAL_NULL_CONVERSION = YES;
				CLANG_WARN_OBJC_IMPLICIT_RETAIN_SELF = YES;
				CLANG_WARN_OBJC_LITERAL_CONVERSION = YES;
				CLANG_WARN_OBJC_ROOT_CLASS = YES_ERROR;
				CLANG_WARN_RANGE_LOOP_ANALYSIS = YES;
				CLANG_WARN_STRICT_PROTOTYPES = YES;
				CLANG_WARN_SUSPICIOUS_MOVE = YES;
				CLANG_WARN_UNGUARDED_AVAILABILITY = YES_AGGRESSIVE;
				CLANG_WARN_UNREACHABLE_CODE = YES;
				CLANG_WARN__DUPLICATE_METHOD_MATCH = YES;
				CODE_SIGN_IDENTITY = "iPhone Developer";
				COPY_PHASE_STRIP = NO;
				DEBUG_INFORMATION_FORMAT = dwarf;
				ENABLE_STRICT_OBJC_MSGSEND = YES;
				ENABLE_TESTABILITY = YES;
				GCC_C_LANGUAGE_STANDARD = gnu11;
				GCC_DYNAMIC_NO_PIC = NO;
				GCC_NO_COMMON_BLOCKS = YES;
				GCC_OPTIMIZATION_LEVEL = 0;
				GCC_PREPROCESSOR_DEFINITIONS = (
					"DEBUG=1",
					"$(inherited)",
				);
				GCC_WARN_64_TO_32_BIT_CONVERSION = YES;
				GCC_WARN_ABOUT_RETURN_TYPE = YES_ERROR;
				GCC_WARN_UNDECLARED_SELECTOR = YES;
				GCC_WARN_UNINITIALIZED_AUTOS = YES_AGGRESSIVE;
				GCC_WARN_UNUSED_FUNCTION = YES;
				GCC_WARN_UNUSED_VARIABLE = YES;
				IPHONEOS_DEPLOYMENT_TARGET = 12.0;
				MTL_ENABLE_DEBUG_INFO = INCLUDE_SOURCE;
				MTL_FAST_MATH = YES;
				ONLY_ACTIVE_ARCH = YES;
				SDKROOT = iphoneos;
				SWIFT_ACTIVE_COMPILATION_CONDITIONS = DEBUG;
				SWIFT_OPTIMIZATION_LEVEL = "-Onone";
			};
			name = Debug;
		};
		AE50C66F2156022C00C7352E /* Release */ = {
			isa = XCBuildConfiguration;
			buildSettings = {
				ALWAYS_SEARCH_USER_PATHS = NO;
				CLANG_ANALYZER_NONNULL = YES;
				CLANG_ANALYZER_NUMBER_OBJECT_CONVERSION = YES_AGGRESSIVE;
				CLANG_CXX_LANGUAGE_STANDARD = "gnu++14";
				CLANG_CXX_LIBRARY = "libc++";
				CLANG_ENABLE_MODULES = YES;
				CLANG_ENABLE_OBJC_ARC = YES;
				CLANG_ENABLE_OBJC_WEAK = YES;
				CLANG_WARN_BLOCK_CAPTURE_AUTORELEASING = YES;
				CLANG_WARN_BOOL_CONVERSION = YES;
				CLANG_WARN_COMMA = YES;
				CLANG_WARN_CONSTANT_CONVERSION = YES;
				CLANG_WARN_DEPRECATED_OBJC_IMPLEMENTATIONS = YES;
				CLANG_WARN_DIRECT_OBJC_ISA_USAGE = YES_ERROR;
				CLANG_WARN_DOCUMENTATION_COMMENTS = YES;
				CLANG_WARN_EMPTY_BODY = YES;
				CLANG_WARN_ENUM_CONVERSION = YES;
				CLANG_WARN_INFINITE_RECURSION = YES;
				CLANG_WARN_INT_CONVERSION = YES;
				CLANG_WARN_NON_LITERAL_NULL_CONVERSION = YES;
				CLANG_WARN_OBJC_IMPLICIT_RETAIN_SELF = YES;
				CLANG_WARN_OBJC_LITERAL_CONVERSION = YES;
				CLANG_WARN_OBJC_ROOT_CLASS = YES_ERROR;
				CLANG_WARN_RANGE_LOOP_ANALYSIS = YES;
				CLANG_WARN_STRICT_PROTOTYPES = YES;
				CLANG_WARN_SUSPICIOUS_MOVE = YES;
				CLANG_WARN_UNGUARDED_AVAILABILITY = YES_AGGRESSIVE;
				CLANG_WARN_UNREACHABLE_CODE = YES;
				CLANG_WARN__DUPLICATE_METHOD_MATCH = YES;
				CODE_SIGN_IDENTITY = "iPhone Developer";
				COPY_PHASE_STRIP = NO;
				DEBUG_INFORMATION_FORMAT = "dwarf-with-dsym";
				ENABLE_NS_ASSERTIONS = NO;
				ENABLE_STRICT_OBJC_MSGSEND = YES;
				GCC_C_LANGUAGE_STANDARD = gnu11;
				GCC_NO_COMMON_BLOCKS = YES;
				GCC_WARN_64_TO_32_BIT_CONVERSION = YES;
				GCC_WARN_ABOUT_RETURN_TYPE = YES_ERROR;
				GCC_WARN_UNDECLARED_SELECTOR = YES;
				GCC_WARN_UNINITIALIZED_AUTOS = YES_AGGRESSIVE;
				GCC_WARN_UNUSED_FUNCTION = YES;
				GCC_WARN_UNUSED_VARIABLE = YES;
				IPHONEOS_DEPLOYMENT_TARGET = 12.0;
				MTL_ENABLE_DEBUG_INFO = NO;
				MTL_FAST_MATH = YES;
				SDKROOT = iphoneos;
				SWIFT_COMPILATION_MODE = wholemodule;
				SWIFT_OPTIMIZATION_LEVEL = "-O";
				VALIDATE_PRODUCT = YES;
			};
			name = Release;
		};
		AE50C6712156022C00C7352E /* Debug */ = {
			isa = XCBuildConfiguration;
			baseConfigurationReference = 021757F8EA9783962459EB4F /* Pods-LVEJO.debug.xcconfig */;
			buildSettings = {
				ASSETCATALOG_COMPILER_APPICON_NAME = AppIcon;
				CODE_SIGN_IDENTITY = "iPhone Developer";
				CODE_SIGN_STYLE = Automatic;
				DEVELOPMENT_TEAM = 5UMNF2MF5W;
				INFOPLIST_FILE = LVEJO/Info.plist;
				LD_RUNPATH_SEARCH_PATHS = (
					"$(inherited)",
					"@executable_path/Frameworks",
				);
				PRODUCT_BUNDLE_IDENTIFIER = com.kevinalonzo.LVEJO;
				PRODUCT_NAME = "$(TARGET_NAME)";
				PROVISIONING_PROFILE_SPECIFIER = "";
				SWIFT_VERSION = 4.2;
				TARGETED_DEVICE_FAMILY = "1,2";
			};
			name = Debug;
		};
		AE50C6722156022C00C7352E /* Release */ = {
			isa = XCBuildConfiguration;
			baseConfigurationReference = 9CC5696AF34D7A2CA2D96335 /* Pods-LVEJO.release.xcconfig */;
			buildSettings = {
				ASSETCATALOG_COMPILER_APPICON_NAME = AppIcon;
				CODE_SIGN_IDENTITY = "iPhone Developer";
				CODE_SIGN_STYLE = Automatic;
				DEVELOPMENT_TEAM = 5UMNF2MF5W;
				INFOPLIST_FILE = LVEJO/Info.plist;
				LD_RUNPATH_SEARCH_PATHS = (
					"$(inherited)",
					"@executable_path/Frameworks",
				);
				PRODUCT_BUNDLE_IDENTIFIER = com.kevinalonzo.LVEJO;
				PRODUCT_NAME = "$(TARGET_NAME)";
				PROVISIONING_PROFILE_SPECIFIER = "";
				SWIFT_VERSION = 4.2;
				TARGETED_DEVICE_FAMILY = "1,2";
			};
			name = Release;
		};
/* End XCBuildConfiguration section */

/* Begin XCConfigurationList section */
		AE50C6592156022C00C7352E /* Build configuration list for PBXProject "LVEJO" */ = {
			isa = XCConfigurationList;
			buildConfigurations = (
				AE50C66E2156022C00C7352E /* Debug */,
				AE50C66F2156022C00C7352E /* Release */,
			);
			defaultConfigurationIsVisible = 0;
			defaultConfigurationName = Release;
		};
		AE50C6702156022C00C7352E /* Build configuration list for PBXNativeTarget "LVEJO" */ = {
			isa = XCConfigurationList;
			buildConfigurations = (
				AE50C6712156022C00C7352E /* Debug */,
				AE50C6722156022C00C7352E /* Release */,
			);
			defaultConfigurationIsVisible = 0;
			defaultConfigurationName = Release;
		};
/* End XCConfigurationList section */
	};
	rootObject = AE50C6562156022C00C7352E /* Project object */;
}
